{
  "nodes": {
    "calc_module": {
      "inputs": {
        "logos-module-builder": "logos-module-builder"
      },
      "locked": {
        "dir": "logos-calc-module",
        "lastModified": 1774455371,
        "narHash": "sha256-UeFBVVbjiykns00DL/Hypa4qH94KFUCPt/EBJLRGie4=",
        "owner": "logos-co",
        "repo": "logos-tutorial",
        "rev": "364dbe596edbed4abd91e3852988aab0da0b8c84",
        "type": "github"
      },
      "original": {
        "dir": "logos-calc-module",
        "owner": "logos-co",
        "repo": "logos-tutorial",
        "type": "github"
      }
    },
    "logos-capability-module": {
      "inputs": {
        "logos-cpp-sdk": "logos-cpp-sdk_5",
        "logos-liblogos": "logos-liblogos_2",
        "nixpkgs": [
          "logos-standalone-app",
          "logos-liblogos",
          "logos-capability-module",
          "logos-liblogos",
          "nixpkgs"
        ]
      },
      "locked": {
        "lastModified": 1773757961,
        "narHash": "sha256-EOSmES7qytHrMlomRoTKBqSdSrJXUv3091OcstF8vL0=",
        "owner": "logos-co",
        "repo": "logos-capability-module",
        "rev": "e49b879eb8f05d361e6876f357f1c793edc21bb6",
        "type": "github"
      },
      "original": {
        "owner": "logos-co",
        "repo": "logos-capability-module",
        "type": "github"
      }
    },
    "logos-capability-module_2": {
      "inputs": {
        "logos-cpp-sdk": "logos-cpp-sdk_6",
        "logos-liblogos": "logos-liblogos_3",
        "nixpkgs": [
          "logos-standalone-app",
          "logos-liblogos",
          "logos-capability-module",
          "logos-liblogos",
          "logos-capability-module",
          "logos-liblogos",
          "nixpkgs"
        ]
      },
      "locked": {
        "lastModified": 1773696504,
        "narHash": "sha256-wBn8onAkEvtvl1McLVyFDSB8BRhUrwJAnnYIfXnIhdI=",
        "owner": "logos-co",
        "repo": "logos-capability-module",
        "rev": "2ee07fea9d0b9aca89dc215ee8b3be222017d706",
        "type": "github"
      },
      "original": {
        "owner": "logos-co",
        "repo": "logos-capability-module",
        "type": "github"
      }
    },
    "logos-cpp-sdk": {
      "inputs": {
        "logos-nix": "logos-nix",
        "nixpkgs": [
          "calc_module",
          "logos-module-builder",
          "logos-cpp-sdk",
          "logos-nix",
          "nixpkgs"
        ]
      },
      "locked": {
        "lastModified": 1773956385,
        "narHash": "sha256-CV0Lo1FrosBt/MSP+GWQGWXnYobxRGXGOREylNuwZ58=",
        "owner": "logos-co",
        "repo": "logos-cpp-sdk",
        "rev": "4b66dac015e4b977d33cfae80a4c8e1d518679f3",
        "type": "github"
      },
      "original": {
        "owner": "logos-co",
        "repo": "logos-cpp-sdk",
        "type": "github"
      }
    },
    "logos-cpp-sdk_10": {
      "inputs": {
        "nixpkgs": "nixpkgs_16"
      },
      "locked": {
        "lastModified": 1773672219,
        "narHash": "sha256-p+kv2WHokT40rScnSFSIDp/EeFLaDUsTHW6QT6ejKuc=",
        "owner": "logos-co",
        "repo": "logos-cpp-sdk",
        "rev": "a4bd66cd6eb04ee7140bb940b1d49d72d60248de",
        "type": "github"
      },
      "original": {
        "owner": "logos-co",
        "repo": "logos-cpp-sdk",
        "type": "github"
      }
    },
    "logos-cpp-sdk_11": {
      "inputs": {
        "nixpkgs": "nixpkgs_17"
      },
      "locked": {
        "lastModified": 1773672219,
        "narHash": "sha256-p+kv2WHokT40rScnSFSIDp/EeFLaDUsTHW6QT6ejKuc=",
        "owner": "logos-co",
        "repo": "logos-cpp-sdk",
        "rev": "a4bd66cd6eb04ee7140bb940b1d49d72d60248de",
        "type": "github"
      },
      "original": {
        "owner": "logos-co",
        "repo": "logos-cpp-sdk",
        "type": "github"
      }
    },
    "logos-cpp-sdk_2": {
      "inputs": {
        "logos-nix": "logos-nix_4",
        "nixpkgs": [
          "logos-module-builder",
          "logos-cpp-sdk",
          "logos-nix",
          "nixpkgs"
        ]
      },
      "locked": {
        "lastModified": 1774280725,
        "narHash": "sha256-RJ0QgIXg7XZp9DbcZruTHKifxqYItT+ek9XMiJNt/R0=",
        "owner": "logos-co",
        "repo": "logos-cpp-sdk",
        "rev": "4197ee183041c33e90d8f90e80d810e5b7ed04bf",
        "type": "github"
      },
      "original": {
        "owner": "logos-co",
        "repo": "logos-cpp-sdk",
        "type": "github"
      }
    },
    "logos-cpp-sdk_3": {
      "inputs": {
        "nixpkgs": "nixpkgs_7"
      },
      "locked": {
        "lastModified": 1773672219,
        "narHash": "sha256-p+kv2WHokT40rScnSFSIDp/EeFLaDUsTHW6QT6ejKuc=",
        "owner": "logos-co",
        "repo": "logos-cpp-sdk",
        "rev": "a4bd66cd6eb04ee7140bb940b1d49d72d60248de",
        "type": "github"
      },
      "original": {
        "owner": "logos-co",
        "repo": "logos-cpp-sdk",
        "type": "github"
      }
    },
    "logos-cpp-sdk_4": {
      "inputs": {
        "nixpkgs": "nixpkgs_8"
      },
      "locked": {
        "lastModified": 1773672219,
        "narHash": "sha256-p+kv2WHokT40rScnSFSIDp/EeFLaDUsTHW6QT6ejKuc=",
        "owner": "logos-co",
        "repo": "logos-cpp-sdk",
        "rev": "a4bd66cd6eb04ee7140bb940b1d49d72d60248de",
        "type": "github"
      },
      "original": {
        "owner": "logos-co",
        "repo": "logos-cpp-sdk",
        "type": "github"
      }
    },
    "logos-cpp-sdk_5": {
      "inputs": {
        "nixpkgs": "nixpkgs_9"
      },
      "locked": {
        "lastModified": 1773672219,
        "narHash": "sha256-p+kv2WHokT40rScnSFSIDp/EeFLaDUsTHW6QT6ejKuc=",
        "owner": "logos-co",
        "repo": "logos-cpp-sdk",
        "rev": "a4bd66cd6eb04ee7140bb940b1d49d72d60248de",
        "type": "github"
      },
      "original": {
        "owner": "logos-co",
        "repo": "logos-cpp-sdk",
        "type": "github"
      }
    },
    "logos-cpp-sdk_6": {
      "inputs": {
        "nixpkgs": "nixpkgs_10"
      },
      "locked": {
        "lastModified": 1773672219,
        "narHash": "sha256-p+kv2WHokT40rScnSFSIDp/EeFLaDUsTHW6QT6ejKuc=",
        "owner": "logos-co",
        "repo": "logos-cpp-sdk",
        "rev": "a4bd66cd6eb04ee7140bb940b1d49d72d60248de",
        "type": "github"
      },
      "original": {
        "owner": "logos-co",
        "repo": "logos-cpp-sdk",
        "type": "github"
      }
    },
    "logos-cpp-sdk_7": {
      "inputs": {
        "nixpkgs": "nixpkgs_11"
      },
      "locked": {
        "lastModified": 1761230734,
        "narHash": "sha256-CMRUwXH7pJZ1OI6bd/TDDDXKqQ1tQZHQEOOwK8TgYHI=",
        "owner": "logos-co",
        "repo": "logos-cpp-sdk",
        "rev": "4b143922c190df00bb3835441c9f0075cb28283b",
        "type": "github"
      },
      "original": {
        "owner": "logos-co",
        "repo": "logos-cpp-sdk",
        "type": "github"
      }
    },
    "logos-cpp-sdk_8": {
      "inputs": {
        "nixpkgs": "nixpkgs_12"
      },
      "locked": {
        "lastModified": 1773672219,
        "narHash": "sha256-p+kv2WHokT40rScnSFSIDp/EeFLaDUsTHW6QT6ejKuc=",
        "owner": "logos-co",
        "repo": "logos-cpp-sdk",
        "rev": "a4bd66cd6eb04ee7140bb940b1d49d72d60248de",
        "type": "github"
      },
      "original": {
        "owner": "logos-co",
        "repo": "logos-cpp-sdk",
        "type": "github"
      }
    },
    "logos-cpp-sdk_9": {
      "inputs": {
        "nixpkgs": "nixpkgs_13"
      },
      "locked": {
        "lastModified": 1767724329,
        "narHash": "sha256-UPkqxqxbKwU5Dmu00TnjiJVXUmfVylF3p1qziEuYwIE=",
        "owner": "logos-co",
        "repo": "logos-cpp-sdk",
        "rev": "32f1d7080d784ff044d91d076ef2f0c7305d4784",
        "type": "github"
      },
      "original": {
        "owner": "logos-co",
        "repo": "logos-cpp-sdk",
        "type": "github"
      }
    },
    "logos-design-system": {
      "inputs": {
        "logos-cpp-sdk": "logos-cpp-sdk_4",
        "nixpkgs": [
          "logos-standalone-app",
          "logos-design-system",
          "logos-cpp-sdk",
          "nixpkgs"
        ]
      },
      "locked": {
        "lastModified": 1773760216,
        "narHash": "sha256-Q9g/lDd0eUofKEiCDr69vPZQs5ttTxorBW9lgFB8Hos=",
        "owner": "logos-co",
        "repo": "logos-design-system",
        "rev": "09b7507e53a8f7b70d044b80823369a93dd9887a",
        "type": "github"
      },
      "original": {
        "owner": "logos-co",
        "repo": "logos-design-system",
        "type": "github"
      }
    },
    "logos-liblogos": {
      "inputs": {
        "logos-capability-module": "logos-capability-module",
        "logos-cpp-sdk": "logos-cpp-sdk_10",
        "logos-module": "logos-module_4",
        "nix-bundle-appimage": "nix-bundle-appimage_2",
        "nix-bundle-dir": "nix-bundle-dir_4",
        "nixpkgs": [
          "logos-standalone-app",
          "logos-cpp-sdk",
          "nixpkgs"
        ]
      },
      "locked": {
        "lastModified": 1773931072,
        "narHash": "sha256-u9gzBkfHywYqqjgxMDGfPTBiXru6se7XZOQQVExRXvw=",
        "owner": "logos-co",
        "repo": "logos-liblogos",
        "rev": "e318b6a4941074dd022f98d8df55700e0508337d",
        "type": "github"
      },
      "original": {
        "owner": "logos-co",
        "repo": "logos-liblogos",
        "type": "github"
      }
    },
    "logos-liblogos_2": {
      "inputs": {
        "logos-capability-module": "logos-capability-module_2",
        "logos-cpp-sdk": "logos-cpp-sdk_8",
        "logos-module": "logos-module_3",
        "nix-bundle-appimage": "nix-bundle-appimage",
        "nix-bundle-dir": "nix-bundle-dir_2",
        "nixpkgs": [
          "logos-standalone-app",
          "logos-liblogos",
          "logos-capability-module",
          "logos-liblogos",
          "logos-cpp-sdk",
          "nixpkgs"
        ]
      },
      "locked": {
        "lastModified": 1773696645,
        "narHash": "sha256-GIb4xALCj3XK80rf6l89ZrZ/Y1YkqG1X/mfmVOUl/hw=",
        "owner": "logos-co",
        "repo": "logos-liblogos",
        "rev": "5030aaaf86b89a382f3beb9426be4f8c2623215f",
        "type": "github"
      },
      "original": {
        "owner": "logos-co",
        "repo": "logos-liblogos",
        "type": "github"
      }
    },
    "logos-liblogos_3": {
      "inputs": {
        "logos-cpp-sdk": "logos-cpp-sdk_7",
        "nixpkgs": [
          "logos-standalone-app",
          "logos-liblogos",
          "logos-capability-module",
          "logos-liblogos",
          "logos-capability-module",
          "logos-liblogos",
          "logos-cpp-sdk",
          "nixpkgs"
        ]
      },
      "locked": {
        "lastModified": 1761845775,
        "narHash": "sha256-ulK8xq05ejK6qIgZ7WtWb/MJt2rk5BKfDA2z7mM3wq8=",
        "owner": "logos-co",
        "repo": "logos-liblogos",
        "rev": "a92c2c1268bc70764c8f73c7bce07d21024f5af9",
        "type": "github"
      },
      "original": {
        "owner": "logos-co",
        "repo": "logos-liblogos",
        "type": "github"
      }
    },
    "logos-module": {
      "inputs": {
        "logos-nix": "logos-nix_2",
        "nixpkgs": [
          "calc_module",
          "logos-module-builder",
          "logos-module",
          "logos-nix",
          "nixpkgs"
        ]
      },
      "locked": {
        "lastModified": 1773963329,
        "narHash": "sha256-zdvDHoYWQDse0eJ/UCKIJcfuYJ8NMgl6QfxRcyDEovI=",
        "owner": "logos-co",
        "repo": "logos-module",
        "rev": "ac5a4f06ea94b01dd9c5fbb9ed4f20620beab88d",
        "type": "github"
      },
      "original": {
        "owner": "logos-co",
        "repo": "logos-module",
        "type": "github"
      }
    },
    "logos-module-builder": {
      "inputs": {
        "logos-cpp-sdk": "logos-cpp-sdk",
        "logos-module": "logos-module",
        "logos-nix": "logos-nix_3",
        "nixpkgs": [
          "calc_module",
          "logos-module-builder",
          "logos-nix",
          "nixpkgs"
        ]
      },
      "locked": {
        "lastModified": 1774011097,
        "narHash": "sha256-oemw2RD/GJqSjZNy8GoLr4z0zK2NsRS6Kqs9uWaYAG8=",
        "owner": "logos-co",
        "repo": "logos-module-builder",
        "rev": "b178098cc4aae12ec7bf8c68a5ba5ecf7755611e",
        "type": "github"
      },
      "original": {
        "owner": "logos-co",
        "repo": "logos-module-builder",
        "type": "github"
      }
    },
    "logos-module-builder_2": {
      "inputs": {
        "logos-cpp-sdk": "logos-cpp-sdk_2",
        "logos-module": "logos-module_2",
        "logos-nix": "logos-nix_6",
        "nixpkgs": [
          "logos-module-builder",
          "logos-nix",
          "nixpkgs"
        ]
      },
      "locked": {
        "lastModified": 1774468631,
        "narHash": "sha256-pwv7KVUbGMidRQ2Omt7mTORJDtaAxynD9bvC5zRpJaQ=",
        "owner": "logos-co",
        "repo": "logos-module-builder",
        "rev": "1b8929cd8b57abe4a7e5450d7ac4877942b49b50",
        "type": "github"
      },
      "original": {
        "owner": "logos-co",
        "repo": "logos-module-builder",
        "type": "github"
      }
    },
    "logos-module_2": {
      "inputs": {
        "logos-nix": "logos-nix_5",
        "nixpkgs": [
          "logos-module-builder",
          "logos-module",
          "logos-nix",
          "nixpkgs"
        ]
      },
      "locked": {
        "lastModified": 1773963329,
        "narHash": "sha256-zdvDHoYWQDse0eJ/UCKIJcfuYJ8NMgl6QfxRcyDEovI=",
        "owner": "logos-co",
        "repo": "logos-module",
        "rev": "ac5a4f06ea94b01dd9c5fbb9ed4f20620beab88d",
        "type": "github"
      },
      "original": {
        "owner": "logos-co",
        "repo": "logos-module",
        "type": "github"
      }
    },
    "logos-module_3": {
      "inputs": {
        "logos-cpp-sdk": "logos-cpp-sdk_9",
        "nixpkgs": [
          "logos-standalone-app",
          "logos-liblogos",
          "logos-capability-module",
          "logos-liblogos",
          "logos-module",
          "logos-cpp-sdk",
          "nixpkgs"
        ]
      },
      "locked": {
        "lastModified": 1770999556,
        "narHash": "sha256-anpsEniGTTwUAwknRxjaT9GP4avHzIsolEHdHDTV9rM=",
        "owner": "logos-co",
        "repo": "logos-module",
        "rev": "d1b35f335f938bb5de21a2a6010f1104075bdb1c",
        "type": "github"
      },
      "original": {
        "owner": "logos-co",
        "repo": "logos-module",
        "type": "github"
      }
    },
    "logos-module_4": {
      "inputs": {
        "logos-cpp-sdk": "logos-cpp-sdk_11",
        "nixpkgs": [
          "logos-standalone-app",
          "logos-liblogos",
          "logos-module",
          "logos-cpp-sdk",
          "nixpkgs"
        ]
      },
      "locked": {
        "lastModified": 1773758094,
        "narHash": "sha256-bMhSAPE1AmYZRS0rkMJ02uycmUM75D7dCYJ49l/LPHQ=",
        "owner": "logos-co",
        "repo": "logos-module",
        "rev": "c836e03ac532231c4e48f44e890c61ae294c1edf",
        "type": "github"
      },
      "original": {
        "owner": "logos-co",
        "repo": "logos-module",
        "type": "github"
      }
    },
    "logos-nix": {
      "inputs": {
        "nixpkgs": "nixpkgs"
      },
      "locked": {
        "lastModified": 1773955630,
        "narHash": "sha256-KqzMoWYIVp2xMgphs7v02T/BE54RKMFxpdC2duhJKG0=",
        "owner": "logos-co",
        "repo": "logos-nix",
        "rev": "0e9e6d66ab8eb34f59e45ed448f7dc29130feb88",
        "type": "github"
      },
      "original": {
        "owner": "logos-co",
        "repo": "logos-nix",
        "type": "github"
      }
    },
    "logos-nix_2": {
      "inputs": {
        "nixpkgs": "nixpkgs_2"
      },
      "locked": {
        "lastModified": 1773955630,
        "narHash": "sha256-KqzMoWYIVp2xMgphs7v02T/BE54RKMFxpdC2duhJKG0=",
        "owner": "logos-co",
        "repo": "logos-nix",
        "rev": "0e9e6d66ab8eb34f59e45ed448f7dc29130feb88",
        "type": "github"
      },
      "original": {
        "owner": "logos-co",
        "repo": "logos-nix",
        "type": "github"
      }
    },
    "logos-nix_3": {
      "inputs": {
        "nixpkgs": "nixpkgs_3"
      },
      "locked": {
        "lastModified": 1773955630,
        "narHash": "sha256-KqzMoWYIVp2xMgphs7v02T/BE54RKMFxpdC2duhJKG0=",
        "owner": "logos-co",
        "repo": "logos-nix",
        "rev": "0e9e6d66ab8eb34f59e45ed448f7dc29130feb88",
        "type": "github"
      },
      "original": {
        "owner": "logos-co",
        "repo": "logos-nix",
        "type": "github"
      }
    },
    "logos-nix_4": {
      "inputs": {
        "nixpkgs": "nixpkgs_4"
      },
      "locked": {
        "lastModified": 1773955630,
        "narHash": "sha256-KqzMoWYIVp2xMgphs7v02T/BE54RKMFxpdC2duhJKG0=",
        "owner": "logos-co",
        "repo": "logos-nix",
        "rev": "0e9e6d66ab8eb34f59e45ed448f7dc29130feb88",
        "type": "github"
      },
      "original": {
        "owner": "logos-co",
        "repo": "logos-nix",
        "type": "github"
      }
    },
    "logos-nix_5": {
      "inputs": {
        "nixpkgs": "nixpkgs_5"
      },
      "locked": {
        "lastModified": 1773955630,
        "narHash": "sha256-KqzMoWYIVp2xMgphs7v02T/BE54RKMFxpdC2duhJKG0=",
        "owner": "logos-co",
        "repo": "logos-nix",
        "rev": "0e9e6d66ab8eb34f59e45ed448f7dc29130feb88",
        "type": "github"
      },
      "original": {
        "owner": "logos-co",
        "repo": "logos-nix",
        "type": "github"
      }
    },
    "logos-nix_6": {
      "inputs": {
        "nixpkgs": "nixpkgs_6"
      },
      "locked": {
        "lastModified": 1773955630,
        "narHash": "sha256-KqzMoWYIVp2xMgphs7v02T/BE54RKMFxpdC2duhJKG0=",
        "owner": "logos-co",
        "repo": "logos-nix",
        "rev": "0e9e6d66ab8eb34f59e45ed448f7dc29130feb88",
        "type": "github"
      },
      "original": {
        "owner": "logos-co",
        "repo": "logos-nix",
        "type": "github"
      }
    },
    "logos-standalone-app": {
      "inputs": {
        "logos-cpp-sdk": "logos-cpp-sdk_3",
        "logos-design-system": "logos-design-system",
        "logos-liblogos": "logos-liblogos",
        "nixpkgs": [
          "logos-standalone-app",
          "logos-cpp-sdk",
          "nixpkgs"
        ]
      },
      "locked": {
        "lastModified": 1774455360,
        "narHash": "sha256-hf10epVwnxOALnx2lRlfl4d9xW9BN/5GKxMIyRkhi6g=",
        "owner": "logos-co",
        "repo": "logos-standalone-app",
        "rev": "bcf255b7df3a1cbb7be1e2daf0a694f0270dc1b2",
        "type": "github"
      },
      "original": {
        "owner": "logos-co",
        "repo": "logos-standalone-app",
        "type": "github"
      }
    },
    "nix-bundle-appimage": {
      "inputs": {
        "nix-bundle-dir": "nix-bundle-dir",
        "nixpkgs": "nixpkgs_14"
      },
      "locked": {
        "lastModified": 1772047346,
        "narHash": "sha256-RUsTUxKCxuQ3+D2LfBbK0EX1vF7HNMkpWgOGFfZbrEg=",
        "owner": "logos-co",
        "repo": "nix-bundle-appimage",
        "rev": "4d68437c97ac59c3c70c1b2b116235c434d571a8",
        "type": "github"
      },
      "original": {
        "owner": "logos-co",
        "repo": "nix-bundle-appimage",
        "type": "github"
      }
    },
    "nix-bundle-appimage_2": {
      "inputs": {
        "nix-bundle-dir": "nix-bundle-dir_3",
        "nixpkgs": "nixpkgs_18"
      },
      "locked": {
        "lastModified": 1772881966,
        "narHash": "sha256-St49mpGrHh5UW1JAxHeqY49DvmubdVrG+H88tKG6jRg=",
        "owner": "logos-co",
        "repo": "nix-bundle-appimage",
        "rev": "5952460727bbfdb83446f24dc974460039a8a325",
        "type": "github"
      },
      "original": {
        "owner": "logos-co",
        "repo": "nix-bundle-appimage",
        "type": "github"
      }
    },
    "nix-bundle-dir": {
      "inputs": {
        "nixpkgs": [
          "logos-standalone-app",
          "logos-liblogos",
          "logos-capability-module",
          "logos-liblogos",
          "nix-bundle-appimage",
          "nixpkgs"
        ]
      },
      "locked": {
        "lastModified": 1771971384,
        "narHash": "sha256-fq0H+sxQhkGN054jdN+ZfHZibbOjHA+KD5SpRH78T1g=",
        "owner": "logos-co",
        "repo": "nix-bundle-dir",
        "rev": "1ecb9662145a1ad84007a970b4bef50a4af159c9",
        "type": "github"
      },
      "original": {
        "owner": "logos-co",
        "repo": "nix-bundle-dir",
        "type": "github"
      }
    },
    "nix-bundle-dir_2": {
      "inputs": {
        "nixpkgs": "nixpkgs_15"
      },
      "locked": {
        "lastModified": 1771971384,
        "narHash": "sha256-fq0H+sxQhkGN054jdN+ZfHZibbOjHA+KD5SpRH78T1g=",
        "owner": "logos-co",
        "repo": "nix-bundle-dir",
        "rev": "1ecb9662145a1ad84007a970b4bef50a4af159c9",
        "type": "github"
      },
      "original": {
        "owner": "logos-co",
        "repo": "nix-bundle-dir",
        "type": "github"
      }
    },
    "nix-bundle-dir_3": {
      "inputs": {
        "nixpkgs": [
          "logos-standalone-app",
          "logos-liblogos",
          "nix-bundle-appimage",
          "nixpkgs"
        ]
      },
      "locked": {
        "lastModified": 1771971384,
        "narHash": "sha256-fq0H+sxQhkGN054jdN+ZfHZibbOjHA+KD5SpRH78T1g=",
        "owner": "logos-co",
        "repo": "nix-bundle-dir",
        "rev": "1ecb9662145a1ad84007a970b4bef50a4af159c9",
        "type": "github"
      },
      "original": {
        "owner": "logos-co",
        "repo": "nix-bundle-dir",
        "type": "github"
      }
    },
    "nix-bundle-dir_4": {
      "inputs": {
        "nixpkgs": "nixpkgs_19"
      },
      "locked": {
        "lastModified": 1771971384,
        "narHash": "sha256-fq0H+sxQhkGN054jdN+ZfHZibbOjHA+KD5SpRH78T1g=",
        "owner": "logos-co",
        "repo": "nix-bundle-dir",
        "rev": "1ecb9662145a1ad84007a970b4bef50a4af159c9",
        "type": "github"
      },
      "original": {
        "owner": "logos-co",
        "repo": "nix-bundle-dir",
        "type": "github"
      }
    },
    "nixpkgs": {
      "locked": {
        "lastModified": 1759036355,
        "narHash": "sha256-0m27AKv6ka+q270dw48KflE0LwQYrO7Fm4/2//KCVWg=",
        "owner": "NixOS",
        "repo": "nixpkgs",
        "rev": "e9f00bd893984bc8ce46c895c3bf7cac95331127",
        "type": "github"
      },
      "original": {
        "owner": "NixOS",
        "ref": "nixos-unstable",
        "repo": "nixpkgs",
        "type": "github"
      }
    },
    "nixpkgs_10": {
      "locked": {
        "lastModified": 1759036355,
        "narHash": "sha256-0m27AKv6ka+q270dw48KflE0LwQYrO7Fm4/2//KCVWg=",
        "owner": "NixOS",
        "repo": "nixpkgs",
        "rev": "e9f00bd893984bc8ce46c895c3bf7cac95331127",
        "type": "github"
      },
      "original": {
        "owner": "NixOS",
        "ref": "nixos-unstable",
        "repo": "nixpkgs",
        "type": "github"
      }
    },
    "nixpkgs_11": {
      "locked": {
        "lastModified": 1759036355,
        "narHash": "sha256-0m27AKv6ka+q270dw48KflE0LwQYrO7Fm4/2//KCVWg=",
        "owner": "NixOS",
        "repo": "nixpkgs",
        "rev": "e9f00bd893984bc8ce46c895c3bf7cac95331127",
        "type": "github"
      },
      "original": {
        "owner": "NixOS",
        "ref": "nixos-unstable",
        "repo": "nixpkgs",
        "type": "github"
      }
    },
    "nixpkgs_12": {
      "locked": {
        "lastModified": 1759036355,
        "narHash": "sha256-0m27AKv6ka+q270dw48KflE0LwQYrO7Fm4/2//KCVWg=",
        "owner": "NixOS",
        "repo": "nixpkgs",
        "rev": "e9f00bd893984bc8ce46c895c3bf7cac95331127",
        "type": "github"
      },
      "original": {
        "owner": "NixOS",
        "ref": "nixos-unstable",
        "repo": "nixpkgs",
        "type": "github"
      }
    },
    "nixpkgs_13": {
      "locked": {
        "lastModified": 1759036355,
        "narHash": "sha256-0m27AKv6ka+q270dw48KflE0LwQYrO7Fm4/2//KCVWg=",
        "owner": "NixOS",
        "repo": "nixpkgs",
        "rev": "e9f00bd893984bc8ce46c895c3bf7cac95331127",
        "type": "github"
      },
      "original": {
        "owner": "NixOS",
        "ref": "nixos-unstable",
        "repo": "nixpkgs",
        "type": "github"
      }
    },
    "nixpkgs_14": {
      "locked": {
        "lastModified": 1771848320,
        "narHash": "sha256-0MAd+0mun3K/Ns8JATeHT1sX28faLII5hVLq0L3BdZU=",
        "owner": "NixOS",
        "repo": "nixpkgs",
        "rev": "2fc6539b481e1d2569f25f8799236694180c0993",
        "type": "github"
      },
      "original": {
        "owner": "NixOS",
        "ref": "nixos-unstable",
        "repo": "nixpkgs",
        "type": "github"
      }
    },
    "nixpkgs_15": {
      "locked": {
        "lastModified": 1770562336,
        "narHash": "sha256-ub1gpAONMFsT/GU2hV6ZWJjur8rJ6kKxdm9IlCT0j84=",
        "owner": "NixOS",
        "repo": "nixpkgs",
        "rev": "d6c71932130818840fc8fe9509cf50be8c64634f",
        "type": "github"
      },
      "original": {
        "owner": "NixOS",
        "ref": "nixos-unstable",
        "repo": "nixpkgs",
        "type": "github"
      }
    },
    "nixpkgs_16": {
      "locked": {
        "lastModified": 1759036355,
        "narHash": "sha256-0m27AKv6ka+q270dw48KflE0LwQYrO7Fm4/2//KCVWg=",
        "owner": "NixOS",
        "repo": "nixpkgs",
        "rev": "e9f00bd893984bc8ce46c895c3bf7cac95331127",
        "type": "github"
      },
      "original": {
        "owner": "NixOS",
        "ref": "nixos-unstable",
        "repo": "nixpkgs",
        "type": "github"
      }
    },
    "nixpkgs_17": {
      "locked": {
        "lastModified": 1759036355,
        "narHash": "sha256-0m27AKv6ka+q270dw48KflE0LwQYrO7Fm4/2//KCVWg=",
        "owner": "NixOS",
        "repo": "nixpkgs",
        "rev": "e9f00bd893984bc8ce46c895c3bf7cac95331127",
        "type": "github"
      },
      "original": {
        "owner": "NixOS",
        "ref": "nixos-unstable",
        "repo": "nixpkgs",
        "type": "github"
      }
    },
    "nixpkgs_18": {
      "locked": {
        "lastModified": 1771848320,
        "narHash": "sha256-0MAd+0mun3K/Ns8JATeHT1sX28faLII5hVLq0L3BdZU=",
        "owner": "NixOS",
        "repo": "nixpkgs",
        "rev": "2fc6539b481e1d2569f25f8799236694180c0993",
        "type": "github"
      },
      "original": {
        "owner": "NixOS",
        "ref": "nixos-unstable",
        "repo": "nixpkgs",
        "type": "github"
      }
    },
    "nixpkgs_19": {
      "locked": {
        "lastModified": 1770562336,
        "narHash": "sha256-ub1gpAONMFsT/GU2hV6ZWJjur8rJ6kKxdm9IlCT0j84=",
        "owner": "NixOS",
        "repo": "nixpkgs",
        "rev": "d6c71932130818840fc8fe9509cf50be8c64634f",
        "type": "github"
      },
      "original": {
        "owner": "NixOS",
        "ref": "nixos-unstable",
        "repo": "nixpkgs",
        "type": "github"
      }
    },
    "nixpkgs_2": {
      "locked": {
        "lastModified": 1759036355,
        "narHash": "sha256-0m27AKv6ka+q270dw48KflE0LwQYrO7Fm4/2//KCVWg=",
        "owner": "NixOS",
        "repo": "nixpkgs",
        "rev": "e9f00bd893984bc8ce46c895c3bf7cac95331127",
        "type": "github"
      },
      "original": {
        "owner": "NixOS",
        "ref": "nixos-unstable",
        "repo": "nixpkgs",
        "type": "github"
      }
    },
    "nixpkgs_3": {
      "locked": {
        "lastModified": 1759036355,
        "narHash": "sha256-0m27AKv6ka+q270dw48KflE0LwQYrO7Fm4/2//KCVWg=",
        "owner": "NixOS",
        "repo": "nixpkgs",
        "rev": "e9f00bd893984bc8ce46c895c3bf7cac95331127",
        "type": "github"
      },
      "original": {
        "owner": "NixOS",
        "ref": "nixos-unstable",
        "repo": "nixpkgs",
        "type": "github"
      }
    },
    "nixpkgs_4": {
      "locked": {
        "lastModified": 1759036355,
        "narHash": "sha256-0m27AKv6ka+q270dw48KflE0LwQYrO7Fm4/2//KCVWg=",
        "owner": "NixOS",
        "repo": "nixpkgs",
        "rev": "e9f00bd893984bc8ce46c895c3bf7cac95331127",
        "type": "github"
      },
      "original": {
        "owner": "NixOS",
        "ref": "nixos-unstable",
        "repo": "nixpkgs",
        "type": "github"
      }
    },
    "nixpkgs_5": {
      "locked": {
        "lastModified": 1759036355,
        "narHash": "sha256-0m27AKv6ka+q270dw48KflE0LwQYrO7Fm4/2//KCVWg=",
        "owner": "NixOS",
        "repo": "nixpkgs",
        "rev": "e9f00bd893984bc8ce46c895c3bf7cac95331127",
        "type": "github"
      },
      "original": {
        "owner": "NixOS",
        "ref": "nixos-unstable",
        "repo": "nixpkgs",
        "type": "github"
      }
    },
    "nixpkgs_6": {
      "locked": {
        "lastModified": 1759036355,
        "narHash": "sha256-0m27AKv6ka+q270dw48KflE0LwQYrO7Fm4/2//KCVWg=",
        "owner": "NixOS",
        "repo": "nixpkgs",
        "rev": "e9f00bd893984bc8ce46c895c3bf7cac95331127",
        "type": "github"
      },
      "original": {
        "owner": "NixOS",
        "ref": "nixos-unstable",
        "repo": "nixpkgs",
        "type": "github"
      }
    },
    "nixpkgs_7": {
      "locked": {
        "lastModified": 1759036355,
        "narHash": "sha256-0m27AKv6ka+q270dw48KflE0LwQYrO7Fm4/2//KCVWg=",
        "owner": "NixOS",
        "repo": "nixpkgs",
        "rev": "e9f00bd893984bc8ce46c895c3bf7cac95331127",
        "type": "github"
      },
      "original": {
        "owner": "NixOS",
        "ref": "nixos-unstable",
        "repo": "nixpkgs",
        "type": "github"
      }
    },
    "nixpkgs_8": {
      "locked": {
        "lastModified": 1759036355,
        "narHash": "sha256-0m27AKv6ka+q270dw48KflE0LwQYrO7Fm4/2//KCVWg=",
        "owner": "NixOS",
        "repo": "nixpkgs",
        "rev": "e9f00bd893984bc8ce46c895c3bf7cac95331127",
        "type": "github"
      },
      "original": {
        "owner": "NixOS",
        "ref": "nixos-unstable",
        "repo": "nixpkgs",
        "type": "github"
      }
    },
    "nixpkgs_9": {
      "locked": {
        "lastModified": 1759036355,
        "narHash": "sha256-0m27AKv6ka+q270dw48KflE0LwQYrO7Fm4/2//KCVWg=",
        "owner": "NixOS",
        "repo": "nixpkgs",
        "rev": "e9f00bd893984bc8ce46c895c3bf7cac95331127",
        "type": "github"
      },
      "original": {
        "owner": "NixOS",
        "ref": "nixos-unstable",
        "repo": "nixpkgs",
        "type": "github"
      }
    },
    "root": {
      "inputs": {
        "calc_module": "calc_module",
        "logos-module-builder": "logos-module-builder_2",
        "logos-standalone-app": "logos-standalone-app"
      }
    }
  },
  "root": "root",
  "version": 7
}
